
Microsoft Visual Studio Solution File, Format Version 12.00
# Visual Studio Version 16
VisualStudioVersion = 16.0.31005.135
MinimumVisualStudioVersion = 10.0.40219.1
Project("{FAE04EC0-301F-11D3-BF4B-00C04F79EFBC}") = "GrpcService.Server", "GrpcService.Server\GrpcService.Server.csproj", "{79B093E5-2420-4EA7-83E9-9AA0043F709A}"
EndProject
Global
	GlobalSection(SolutionConfigurationPlatforms) = preSolution
		Debug|Any CPU = Debug|Any CPU
		Release|Any CPU = Release|Any CPU
	EndGlobalSection
	GlobalSection(ProjectConfigurationPlatforms) = postSolution
		{79B093E5-2420-4EA7-83E9-9AA0043F709A}.Debug|Any CPU.ActiveCfg = Debug|Any CPU
		{79B093E5-2420-4EA7-83E9-9AA0043F709A}.Debug|Any CPU.Build.0 = Debug|Any CPU
		{79B093E5-2420-4EA7-83E9-9AA0043F709A}.Release|Any CPU.ActiveCfg = Release|Any CPU
		{79B093E5-2420-4EA7-83E9-9AA0043F709A}.Release|Any CPU.Build.0 = Release|Any CPU
	EndGlobalSection
	GlobalSection(SolutionProperties) = preSolution
		HideSolutionNode = FALSE
	EndGlobalSection
	GlobalSection(ExtensibilityGlobals) = postSolution
		SolutionGuid = {50D2E1DF-F69C-4D1B-B491-D121F871EBAA}
	EndGlobalSection
EndGlobal
